
Microsoft Visual Studio Solution File, Format Version 12.00
# Visual Studio Version 16
VisualStudioVersion = 16.0.30114.105
MinimumVisualStudioVersion = 10.0.40219.1
Project("{FAE04EC0-301F-11D3-BF4B-00C04F79EFBC}") = "ProEventos.Application", "ProEventos.Application\ProEventos.Application.csproj", "{296C1F41-5AB2-4C97-AB61-6FCB5FAF7005}"
EndProject
Project("{FAE04EC0-301F-11D3-BF4B-00C04F79EFBC}") = "ProEventos.Domain", "ProEventos.Domain\ProEventos.Domain.csproj", "{02E69D42-8B5E-4678-B31B-438746341E7A}"
EndProject
Project("{FAE04EC0-301F-11D3-BF4B-00C04F79EFBC}") = "ProEventos.API", "ProEventos.Api\ProEventos.API.csproj", "{EE215B9C-2502-41DE-B9EB-0444E89BCC25}"
EndProject
Project("{FAE04EC0-301F-11D3-BF4B-00C04F79EFBC}") = "ProEventos.Persistence", "ProEventos.Persistence\ProEventos.Persistence.csproj", "{B3991D63-758D-4A12-8C81-10A6E8796426}"
EndProject
Global
	GlobalSection(SolutionConfigurationPlatforms) = preSolution
		Debug|Any CPU = Debug|Any CPU
		Debug|x64 = Debug|x64
		Debug|x86 = Debug|x86
		Release|Any CPU = Release|Any CPU
		Release|x64 = Release|x64
		Release|x86 = Release|x86
	EndGlobalSection
	GlobalSection(SolutionProperties) = preSolution
		HideSolutionNode = FALSE
	EndGlobalSection
	GlobalSection(ProjectConfigurationPlatforms) = postSolution
		{296C1F41-5AB2-4C97-AB61-6FCB5FAF7005}.Debug|Any CPU.ActiveCfg = Debug|Any CPU
		{296C1F41-5AB2-4C97-AB61-6FCB5FAF7005}.Debug|Any CPU.Build.0 = Debug|Any CPU
		{296C1F41-5AB2-4C97-AB61-6FCB5FAF7005}.Debug|x64.ActiveCfg = Debug|Any CPU
		{296C1F41-5AB2-4C97-AB61-6FCB5FAF7005}.Debug|x64.Build.0 = Debug|Any CPU
		{296C1F41-5AB2-4C97-AB61-6FCB5FAF7005}.Debug|x86.ActiveCfg = Debug|Any CPU
		{296C1F41-5AB2-4C97-AB61-6FCB5FAF7005}.Debug|x86.Build.0 = Debug|Any CPU
		{296C1F41-5AB2-4C97-AB61-6FCB5FAF7005}.Release|Any CPU.ActiveCfg = Release|Any CPU
		{296C1F41-5AB2-4C97-AB61-6FCB5FAF7005}.Release|Any CPU.Build.0 = Release|Any CPU
		{296C1F41-5AB2-4C97-AB61-6FCB5FAF7005}.Release|x64.ActiveCfg = Release|Any CPU
		{296C1F41-5AB2-4C97-AB61-6FCB5FAF7005}.Release|x64.Build.0 = Release|Any CPU
		{296C1F41-5AB2-4C97-AB61-6FCB5FAF7005}.Release|x86.ActiveCfg = Release|Any CPU
		{296C1F41-5AB2-4C97-AB61-6FCB5FAF7005}.Release|x86.Build.0 = Release|Any CPU
		{02E69D42-8B5E-4678-B31B-438746341E7A}.Debug|Any CPU.ActiveCfg = Debug|Any CPU
		{02E69D42-8B5E-4678-B31B-438746341E7A}.Debug|Any CPU.Build.0 = Debug|Any CPU
		{02E69D42-8B5E-4678-B31B-438746341E7A}.Debug|x64.ActiveCfg = Debug|Any CPU
		{02E69D42-8B5E-4678-B31B-438746341E7A}.Debug|x64.Build.0 = Debug|Any CPU
		{02E69D42-8B5E-4678-B31B-438746341E7A}.Debug|x86.ActiveCfg = Debug|Any CPU
		{02E69D42-8B5E-4678-B31B-438746341E7A}.Debug|x86.Build.0 = Debug|Any CPU
		{02E69D42-8B5E-4678-B31B-438746341E7A}.Release|Any CPU.ActiveCfg = Release|Any CPU
		{02E69D42-8B5E-4678-B31B-438746341E7A}.Release|Any CPU.Build.0 = Release|Any CPU
		{02E69D42-8B5E-4678-B31B-438746341E7A}.Release|x64.ActiveCfg = Release|Any CPU
		{02E69D42-8B5E-4678-B31B-438746341E7A}.Release|x64.Build.0 = Release|Any CPU
		{02E69D42-8B5E-4678-B31B-438746341E7A}.Release|x86.ActiveCfg = Release|Any CPU
		{02E69D42-8B5E-4678-B31B-438746341E7A}.Release|x86.Build.0 = Release|Any CPU
		{EE215B9C-2502-41DE-B9EB-0444E89BCC25}.Debug|Any CPU.ActiveCfg = Debug|Any CPU
		{EE215B9C-2502-41DE-B9EB-0444E89BCC25}.Debug|Any CPU.Build.0 = Debug|Any CPU
		{EE215B9C-2502-41DE-B9EB-0444E89BCC25}.Debug|x64.ActiveCfg = Debug|Any CPU
		{EE215B9C-2502-41DE-B9EB-0444E89BCC25}.Debug|x64.Build.0 = Debug|Any CPU
		{EE215B9C-2502-41DE-B9EB-0444E89BCC25}.Debug|x86.ActiveCfg = Debug|Any CPU
		{EE215B9C-2502-41DE-B9EB-0444E89BCC25}.Debug|x86.Build.0 = Debug|Any CPU
		{EE215B9C-2502-41DE-B9EB-0444E89BCC25}.Release|Any CPU.ActiveCfg = Release|Any CPU
		{EE215B9C-2502-41DE-B9EB-0444E89BCC25}.Release|Any CPU.Build.0 = Release|Any CPU
		{EE215B9C-2502-41DE-B9EB-0444E89BCC25}.Release|x64.ActiveCfg = Release|Any CPU
		{EE215B9C-2502-41DE-B9EB-0444E89BCC25}.Release|x64.Build.0 = Release|Any CPU
		{EE215B9C-2502-41DE-B9EB-0444E89BCC25}.Release|x86.ActiveCfg = Release|Any CPU
		{EE215B9C-2502-41DE-B9EB-0444E89BCC25}.Release|x86.Build.0 = Release|Any CPU
		{B3991D63-758D-4A12-8C81-10A6E8796426}.Debug|Any CPU.ActiveCfg = Debug|Any CPU
		{B3991D63-758D-4A12-8C81-10A6E8796426}.Debug|Any CPU.Build.0 = Debug|Any CPU
		{B3991D63-758D-4A12-8C81-10A6E8796426}.Debug|x64.ActiveCfg = Debug|Any CPU
		{B3991D63-758D-4A12-8C81-10A6E8796426}.Debug|x64.Build.0 = Debug|Any CPU
		{B3991D63-758D-4A12-8C81-10A6E8796426}.Debug|x86.ActiveCfg = Debug|Any CPU
		{B3991D63-758D-4A12-8C81-10A6E8796426}.Debug|x86.Build.0 = Debug|Any CPU
		{B3991D63-758D-4A12-8C81-10A6E8796426}.Release|Any CPU.ActiveCfg = Release|Any CPU
		{B3991D63-758D-4A12-8C81-10A6E8796426}.Release|Any CPU.Build.0 = Release|Any CPU
		{B3991D63-758D-4A12-8C81-10A6E8796426}.Release|x64.ActiveCfg = Release|Any CPU
		{B3991D63-758D-4A12-8C81-10A6E8796426}.Release|x64.Build.0 = Release|Any CPU
		{B3991D63-758D-4A12-8C81-10A6E8796426}.Release|x86.ActiveCfg = Release|Any CPU
		{B3991D63-758D-4A12-8C81-10A6E8796426}.Release|x86.Build.0 = Release|Any CPU
	EndGlobalSection
EndGlobal
